<?xml version="1.0" encoding="UTF-8"?>
<Scheme
   version = "1.3">
   <BuildAction>
      <BuildActionEntries>
         <BuildActionEntry
            buildForRunning = "YES">
            <BuildableReference
               BuildableIdentifier = "primary"
               BlueprintIdentifier = "CC70DF20EE3760888B02A892"
               BuildableName = "salsa20-compiler.app"
               BlueprintName = "salsa20-compiler"
               ReferencedContainer = "container:salsa20-compiler.xcodeproj">
            </BuildableReference>
         </BuildActionEntry>
      </BuildActionEntries>
   </BuildAction>
   <LaunchAction
      useCustomWorkingDirectory = "NO"
      buildConfiguration = "Debug"
      allowLocationSimulation = "YES">
      <BuildableProductRunnable>
         <BuildableReference
            BuildableIdentifier = "primary"
            BlueprintIdentifier = "CC70DF20EE3760888B02A892"
            BuildableName = "salsa20-compiler.app"
            BlueprintName = "salsa20-compiler"
            ReferencedContainer = "container:salsa20-compiler.xcodeproj">
         </BuildableReference>
      </BuildableProductRunnable>
   </LaunchAction>
</Scheme>
